
Microsoft Visual Studio Solution File, Format Version 12.00
# Visual Studio Version 17
VisualStudioVersion = 17.9.34616.47
MinimumVisualStudioVersion = 10.0.40219.1
Project("{9A19103F-16F7-4668-BE54-9A1E7A4F7556}") = "MockTestApi", "MockTestApi.csproj", "{D1B60C7F-AE6F-455B-BBFB-0ECCE4145A37}"
EndProject
Project("{FAE04EC0-301F-11D3-BF4B-00C04F79EFBC}") = "MockTestApi.Tests", "..\mock-test-api-test\MockTestApi.Tests\MockTestApi.Tests.csproj", "{C2D38013-FE58-D792-4F67-8CA6ECC13A27}"
EndProject
Global
	GlobalSection(SolutionConfigurationPlatforms) = preSolution
		Debug|Any CPU = Debug|Any CPU
		Release|Any CPU = Release|Any CPU
	EndGlobalSection
	GlobalSection(ProjectConfigurationPlatforms) = postSolution
		{D1B60C7F-AE6F-455B-BBFB-0ECCE4145A37}.Debug|Any CPU.ActiveCfg = Debug|Any CPU
		{D1B60C7F-AE6F-455B-BBFB-0ECCE4145A37}.Debug|Any CPU.Build.0 = Debug|Any CPU
		{D1B60C7F-AE6F-455B-BBFB-0ECCE4145A37}.Release|Any CPU.ActiveCfg = Release|Any CPU
		{D1B60C7F-AE6F-455B-BBFB-0ECCE4145A37}.Release|Any CPU.Build.0 = Release|Any CPU
		{C2D38013-FE58-D792-4F67-8CA6ECC13A27}.Debug|Any CPU.ActiveCfg = Debug|Any CPU
		{C2D38013-FE58-D792-4F67-8CA6ECC13A27}.Debug|Any CPU.Build.0 = Debug|Any CPU
		{C2D38013-FE58-D792-4F67-8CA6ECC13A27}.Release|Any CPU.ActiveCfg = Release|Any CPU
		{C2D38013-FE58-D792-4F67-8CA6ECC13A27}.Release|Any CPU.Build.0 = Release|Any CPU
	EndGlobalSection
	GlobalSection(SolutionProperties) = preSolution
		HideSolutionNode = FALSE
	EndGlobalSection
	GlobalSection(ExtensibilityGlobals) = postSolution
		SolutionGuid = {D8A4403E-24C9-478C-98D7-B9675B0FC912}
	EndGlobalSection
EndGlobal
